// !$*UTF8*$!
{
	archiveVersion = 1;
	classes = {
	};
	objectVersion = 52;
	objects = {

/* Begin PBXBuildFile section */
		7A962054249B6AC500340A0A /* CardView.swift in Sources */ = {isa = PBXBuildFile; fileRef = 7A962053249B6AC500340A0A /* CardView.swift */; };
		7A962056249B6CB000340A0A /* Indicator.swift in Sources */ = {isa = PBXBuildFile; fileRef = 7A962055249B6CB000340A0A /* Indicator.swift */; };
		7AFC92D7249B363E00A8B933 /* AppDelegate.swift in Sources */ = {isa = PBXBuildFile; fileRef = 7AFC92D6249B363E00A8B933 /* AppDelegate.swift */; };
		7AFC92D9249B363E00A8B933 /* SceneDelegate.swift in Sources */ = {isa = PBXBuildFile; fileRef = 7AFC92D8249B363E00A8B933 /* SceneDelegate.swift */; };
		7AFC92DB249B363E00A8B933 /* ContentView.swift in Sources */ = {isa = PBXBuildFile; fileRef = 7AFC92DA249B363E00A8B933 /* ContentView.swift */; };
		7AFC92DD249B364100A8B933 /* Assets.xcassets in Resources */ = {isa = PBXBuildFile; fileRef = 7AFC92DC249B364100A8B933 /* Assets.xcassets */; };
		7AFC92E0249B364100A8B933 /* Preview Assets.xcassets in Resources */ = {isa = PBXBuildFile; fileRef = 7AFC92DF249B364100A8B933 /* Preview Assets.xcassets */; };
		7AFC92E3249B364100A8B933 /* LaunchScreen.storyboard in Resources */ = {isa = PBXBuildFile; fileRef = 7AFC92E1249B364100A8B933 /* LaunchScreen.storyboard */; };
		7AFC92EC249B372A00A8B933 /* SDWebImageSwiftUI in Frameworks */ = {isa = PBXBuildFile; productRef = 7AFC92EB249B372A00A8B933 /* SDWebImageSwiftUI */; };
		7AFC92F1249B37B400A8B933 /* HomeView.swift in Sources */ = {isa = PBXBuildFile; fileRef = 7AFC92F0249B37B400A8B933 /* HomeView.swift */; };
		7AFC92F3249B383800A8B933 /* Account.swift in Sources */ = {isa = PBXBuildFile; fileRef = 7AFC92F2249B383800A8B933 /* Account.swift */; };
		7AFC92F5249B3E8500A8B933 /* FetchAccounts.swift in Sources */ = {isa = PBXBuildFile; fileRef = 7AFC92F4249B3E8500A8B933 /* FetchAccounts.swift */; };
/* End PBXBuildFile section */

/* Begin PBXFileReference section */
		7A962053249B6AC500340A0A /* CardView.swift */ = {isa = PBXFileReference; lastKnownFileType = sourcecode.swift; path = CardView.swift; sourceTree = "<group>"; };
		7A962055249B6CB000340A0A /* Indicator.swift */ = {isa = PBXFileReference; lastKnownFileType = sourcecode.swift; path = Indicator.swift; sourceTree = "<group>"; };
		7AFC92D3249B363E00A8B933 /* MVVM.app */ = {isa = PBXFileReference; explicitFileType = wrapper.application; includeInIndex = 0; path = MVVM.app; sourceTree = BUILT_PRODUCTS_DIR; };
		7AFC92D6249B363E00A8B933 /* AppDelegate.swift */ = {isa = PBXFileReference; lastKnownFileType = sourcecode.swift; path = AppDelegate.swift; sourceTree = "<group>"; };
		7AFC92D8249B363E00A8B933 /* SceneDelegate.swift */ = {isa = PBXFileReference; lastKnownFileType = sourcecode.swift; path = SceneDelegate.swift; sourceTree = "<group>"; };
		7AFC92DA249B363E00A8B933 /* ContentView.swift */ = {isa = PBXFileReference; lastKnownFileType = sourcecode.swift; path = ContentView.swift; sourceTree = "<group>"; };
		7AFC92DC249B364100A8B933 /* Assets.xcassets */ = {isa = PBXFileReference; lastKnownFileType = folder.assetcatalog; path = Assets.xcassets; sourceTree = "<group>"; };
		7AFC92DF249B364100A8B933 /* Preview Assets.xcassets */ = {isa = PBXFileReference; lastKnownFileType = folder.assetcatalog; path = "Preview Assets.xcassets"; sourceTree = "<group>"; };
		7AFC92E2249B364100A8B933 /* Base */ = {isa = PBXFileReference; lastKnownFileType = file.storyboard; name = Base; path = Base.lproj/LaunchScreen.storyboard; sourceTree = "<group>"; };
		7AFC92E4249B364100A8B933 /* Info.plist */ = {isa = PBXFileReference; lastKnownFileType = text.plist.xml; path = Info.plist; sourceTree = "<group>"; };
		7AFC92F0249B37B400A8B933 /* HomeView.swift */ = {isa = PBXFileReference; lastKnownFileType = sourcecode.swift; path = HomeView.swift; sourceTree = "<group>"; };
		7AFC92F2249B383800A8B933 /* Account.swift */ = {isa = PBXFileReference; lastKnownFileType = sourcecode.swift; path = Account.swift; sourceTree = "<group>"; };
		7AFC92F4249B3E8500A8B933 /* FetchAccounts.swift */ = {isa = PBXFileReference; lastKnownFileType = sourcecode.swift; path = FetchAccounts.swift; sourceTree = "<group>"; };
/* End PBXFileReference section */

/* Begin PBXFrameworksBuildPhase section */
		7AFC92D0249B363E00A8B933 /* Frameworks */ = {
			isa = PBXFrameworksBuildPhase;
			buildActionMask = 2147483647;
			files = (
				7AFC92EC249B372A00A8B933 /* SDWebImageSwiftUI in Frameworks */,
			);
			runOnlyForDeploymentPostprocessing = 0;
		};
/* End PBXFrameworksBuildPhase section */

/* Begin PBXGroup section */
		7AFC92CA249B363E00A8B933 = {
			isa = PBXGroup;
			children = (
				7AFC92D5249B363E00A8B933 /* MVVM */,
				7AFC92D4249B363E00A8B933 /* Products */,
			);
			sourceTree = "<group>";
		};
		7AFC92D4249B363E00A8B933 /* Products */ = {
			isa = PBXGroup;
			children = (
				7AFC92D3249B363E00A8B933 /* MVVM.app */,
			);
			name = Products;
			sourceTree = "<group>";
		};
		7AFC92D5249B363E00A8B933 /* MVVM */ = {
			isa = PBXGroup;
			children = (
				7AFC92EF249B379400A8B933 /* Model */,
				7AFC92EE249B378D00A8B933 /* View */,
				7AFC92ED249B378100A8B933 /* ViewModel */,
				7AFC92D6249B363E00A8B933 /* AppDelegate.swift */,
				7AFC92D8249B363E00A8B933 /* SceneDelegate.swift */,
				7AFC92DC249B364100A8B933 /* Assets.xcassets */,
				7AFC92E1249B364100A8B933 /* LaunchScreen.storyboard */,
				7AFC92E4249B364100A8B933 /* Info.plist */,
				7AFC92DE249B364100A8B933 /* Preview Content */,
			);
			path = MVVM;
			sourceTree = "<group>";
		};
		7AFC92DE249B364100A8B933 /* Preview Content */ = {
			isa = PBXGroup;
			children = (
				7AFC92DF249B364100A8B933 /* Preview Assets.xcassets */,
			);
			path = "Preview Content";
			sourceTree = "<group>";
		};
		7AFC92ED249B378100A8B933 /* ViewModel */ = {
			isa = PBXGroup;
			children = (
				7AFC92F4249B3E8500A8B933 /* FetchAccounts.swift */,
			);
			path = ViewModel;
			sourceTree = "<group>";
		};
		7AFC92EE249B378D00A8B933 /* View */ = {
			isa = PBXGroup;
			children = (
				7AFC92DA249B363E00A8B933 /* ContentView.swift */,
				7AFC92F0249B37B400A8B933 /* HomeView.swift */,
				7A962053249B6AC500340A0A /* CardView.swift */,
				7A962055249B6CB000340A0A /* Indicator.swift */,
			);
			path = View;
			sourceTree = "<group>";
		};
		7AFC92EF249B379400A8B933 /* Model */ = {
			isa = PBXGroup;
			children = (
				7AFC92F2249B383800A8B933 /* Account.swift */,
			);
			path = Model;
			sourceTree = "<group>";
		};
/* End PBXGroup section */

/* Begin PBXNativeTarget section */
		7AFC92D2249B363E00A8B933 /* MVVM */ = {
			isa = PBXNativeTarget;
			buildConfigurationList = 7AFC92E7249B364100A8B933 /* Build configuration list for PBXNativeTarget "MVVM" */;
			buildPhases = (
				7AFC92CF249B363E00A8B933 /* Sources */,
				7AFC92D0249B363E00A8B933 /* Frameworks */,
				7AFC92D1249B363E00A8B933 /* Resources */,
			);
			buildRules = (
			);
			dependencies = (
			);
			name = MVVM;
			packageProductDependencies = (
				7AFC92EB249B372A00A8B933 /* SDWebImageSwiftUI */,
			);
			productName = MVVM;
			productReference = 7AFC92D3249B363E00A8B933 /* MVVM.app */;
			productType = "com.apple.product-type.application";
		};
/* End PBXNativeTarget section */

/* Begin PBXProject section */
		7AFC92CB249B363E00A8B933 /* Project object */ = {
			isa = PBXProject;
			attributes = {
				LastSwiftUpdateCheck = 1130;
				LastUpgradeCheck = 1130;
				ORGANIZATIONNAME = YamadaShuya;
				TargetAttributes = {
					7AFC92D2249B363E00A8B933 = {
						CreatedOnToolsVersion = 11.3;
					};
				};
			};
			buildConfigurationList = 7AFC92CE249B363E00A8B933 /* Build configuration list for PBXProject "MVVM" */;
			compatibilityVersion = "Xcode 9.3";
			developmentRegion = en;
			hasScannedForEncodings = 0;
			knownRegions = (
				en,
				Base,
			);
			mainGroup = 7AFC92CA249B363E00A8B933;
			packageReferences = (
				7AFC92EA249B372A00A8B933 /* XCRemoteSwiftPackageReference "SDWebImageSwiftUI" */,
			);
			productRefGroup = 7AFC92D4249B363E00A8B933 /* Products */;
			projectDirPath = "";
			projectRoot = "";
			targets = (
				7AFC92D2249B363E00A8B933 /* MVVM */,
			);
		};
/* End PBXProject section */

/* Begin PBXResourcesBuildPhase section */
		7AFC92D1249B363E00A8B933 /* Resources */ = {
			isa = PBXResourcesBuildPhase;
			buildActionMask = 2147483647;
			files = (
				7AFC92E3249B364100A8B933 /* LaunchScreen.storyboard in Resources */,
				7AFC92E0249B364100A8B933 /* Preview Assets.xcassets in Resources */,
				7AFC92DD249B364100A8B933 /* Assets.xcassets in Resources */,
			);
			runOnlyForDeploymentPostprocessing = 0;
		};
/* End PBXResourcesBuildPhase section */

/* Begin PBXSourcesBuildPhase section */
		7AFC92CF249B363E00A8B933 /* Sources */ = {
			isa = PBXSourcesBuildPhase;
			buildActionMask = 2147483647;
			files = (
				7A962054249B6AC500340A0A /* CardView.swift in Sources */,
				7AFC92F3249B383800A8B933 /* Account.swift in Sources */,
				7AFC92D7249B363E00A8B933 /* AppDelegate.swift in Sources */,
				7AFC92F1249B37B400A8B933 /* HomeView.swift in Sources */,
				7AFC92D9249B363E00A8B933 /* SceneDelegate.swift in Sources */,
				7AFC92F5249B3E8500A8B933 /* FetchAccounts.swift in Sources */,
				7AFC92DB249B363E00A8B933 /* ContentView.swift in Sources */,
				7A962056249B6CB000340A0A /* Indicator.swift in Sources */,
			);
			runOnlyForDeploymentPostprocessing = 0;
		};
/* End PBXSourcesBuildPhase section */

/* Begin PBXVariantGroup section */
		7AFC92E1249B364100A8B933 /* LaunchScreen.storyboard */ = {
			isa = PBXVariantGroup;
			children = (
				7AFC92E2249B364100A8B933 /* Base */,
			);
			name = LaunchScreen.storyboard;
			sourceTree = "<group>";
		};
/* End PBXVariantGroup section */

/* Begin XCBuildConfiguration section */
		7AFC92E5249B364100A8B933 /* Debug */ = {
			isa = XCBuildConfiguration;
			buildSettings = {
				ALWAYS_SEARCH_USER_PATHS = NO;
				CLANG_ANALYZER_NONNULL = YES;
				CLANG_ANALYZER_NUMBER_OBJECT_CONVERSION = YES_AGGRESSIVE;
				CLANG_CXX_LANGUAGE_STANDARD = "gnu++14";
				CLANG_CXX_LIBRARY = "libc++";
				CLANG_ENABLE_MODULES = YES;
				CLANG_ENABLE_OBJC_ARC = YES;
				CLANG_ENABLE_OBJC_WEAK = YES;
				CLANG_WARN_BLOCK_CAPTURE_AUTORELEASING = YES;
				CLANG_WARN_BOOL_CONVERSION = YES;
				CLANG_WARN_COMMA = YES;
				CLANG_WARN_CONSTANT_CONVERSION = YES;
				CLANG_WARN_DEPRECATED_OBJC_IMPLEMENTATIONS = YES;
				CLANG_WARN_DIRECT_OBJC_ISA_USAGE = YES_ERROR;
				CLANG_WARN_DOCUMENTATION_COMMENTS = YES;
				CLANG_WARN_EMPTY_BODY = YES;
				CLANG_WARN_ENUM_CONVERSION = YES;
				CLANG_WARN_INFINITE_RECURSION = YES;
				CLANG_WARN_INT_CONVERSION = YES;
				CLANG_WARN_NON_LITERAL_NULL_CONVERSION = YES;
				CLANG_WARN_OBJC_IMPLICIT_RETAIN_SELF = YES;
				CLANG_WARN_OBJC_LITERAL_CONVERSION = YES;
				CLANG_WARN_OBJC_ROOT_CLASS = YES_ERROR;
				CLANG_WARN_RANGE_LOOP_ANALYSIS = YES;
				CLANG_WARN_STRICT_PROTOTYPES = YES;
				CLANG_WARN_SUSPICIOUS_MOVE = YES;
				CLANG_WARN_UNGUARDED_AVAILABILITY = YES_AGGRESSIVE;
				CLANG_WARN_UNREACHABLE_CODE = YES;
				CLANG_WARN__DUPLICATE_METHOD_MATCH = YES;
				COPY_PHASE_STRIP = NO;
				DEBUG_INFORMATION_FORMAT = dwarf;
				ENABLE_STRICT_OBJC_MSGSEND = YES;
				ENABLE_TESTABILITY = YES;
				GCC_C_LANGUAGE_STANDARD = gnu11;
				GCC_DYNAMIC_NO_PIC = NO;
				GCC_NO_COMMON_BLOCKS = YES;
				GCC_OPTIMIZATION_LEVEL = 0;
				GCC_PREPROCESSOR_DEFINITIONS = (
					"DEBUG=1",
					"$(inherited)",
				);
				GCC_WARN_64_TO_32_BIT_CONVERSION = YES;
				GCC_WARN_ABOUT_RETURN_TYPE = YES_ERROR;
				GCC_WARN_UNDECLARED_SELECTOR = YES;
				GCC_WARN_UNINITIALIZED_AUTOS = YES_AGGRESSIVE;
				GCC_WARN_UNUSED_FUNCTION = YES;
				GCC_WARN_UNUSED_VARIABLE = YES;
				IPHONEOS_DEPLOYMENT_TARGET = 13.2;
				MTL_ENABLE_DEBUG_INFO = INCLUDE_SOURCE;
				MTL_FAST_MATH = YES;
				ONLY_ACTIVE_ARCH = YES;
				SDKROOT = iphoneos;
				SWIFT_ACTIVE_COMPILATION_CONDITIONS = DEBUG;
				SWIFT_OPTIMIZATION_LEVEL = "-Onone";
			};
			name = Debug;
		};
		7AFC92E6249B364100A8B933 /* Release */ = {
			isa = XCBuildConfiguration;
			buildSettings = {
				ALWAYS_SEARCH_USER_PATHS = NO;
				CLANG_ANALYZER_NONNULL = YES;
				CLANG_ANALYZER_NUMBER_OBJECT_CONVERSION = YES_AGGRESSIVE;
				CLANG_CXX_LANGUAGE_STANDARD = "gnu++14";
				CLANG_CXX_LIBRARY = "libc++";
				CLANG_ENABLE_MODULES = YES;
				CLANG_ENABLE_OBJC_ARC = YES;
				CLANG_ENABLE_OBJC_WEAK = YES;
				CLANG_WARN_BLOCK_CAPTURE_AUTORELEASING = YES;
				CLANG_WARN_BOOL_CONVERSION = YES;
				CLANG_WARN_COMMA = YES;
				CLANG_WARN_CONSTANT_CONVERSION = YES;
				CLANG_WARN_DEPRECATED_OBJC_IMPLEMENTATIONS = YES;
				CLANG_WARN_DIRECT_OBJC_ISA_USAGE = YES_ERROR;
				CLANG_WARN_DOCUMENTATION_COMMENTS = YES;
				CLANG_WARN_EMPTY_BODY = YES;
				CLANG_WARN_ENUM_CONVERSION = YES;
				CLANG_WARN_INFINITE_RECURSION = YES;
				CLANG_WARN_INT_CONVERSION = YES;
				CLANG_WARN_NON_LITERAL_NULL_CONVERSION = YES;
				CLANG_WARN_OBJC_IMPLICIT_RETAIN_SELF = YES;
				CLANG_WARN_OBJC_LITERAL_CONVERSION = YES;
				CLANG_WARN_OBJC_ROOT_CLASS = YES_ERROR;
				CLANG_WARN_RANGE_LOOP_ANALYSIS = YES;
				CLANG_WARN_STRICT_PROTOTYPES = YES;
				CLANG_WARN_SUSPICIOUS_MOVE = YES;
				CLANG_WARN_UNGUARDED_AVAILABILITY = YES_AGGRESSIVE;
				CLANG_WARN_UNREACHABLE_CODE = YES;
				CLANG_WARN__DUPLICATE_METHOD_MATCH = YES;
				COPY_PHASE_STRIP = NO;
				DEBUG_INFORMATION_FORMAT = "dwarf-with-dsym";
				ENABLE_NS_ASSERTIONS = NO;
				ENABLE_STRICT_OBJC_MSGSEND = YES;
				GCC_C_LANGUAGE_STANDARD = gnu11;
				GCC_NO_COMMON_BLOCKS = YES;
				GCC_WARN_64_TO_32_BIT_CONVERSION = YES;
				GCC_WARN_ABOUT_RETURN_TYPE = YES_ERROR;
				GCC_WARN_UNDECLARED_SELECTOR = YES;
				GCC_WARN_UNINITIALIZED_AUTOS = YES_AGGRESSIVE;
				GCC_WARN_UNUSED_FUNCTION = YES;
				GCC_WARN_UNUSED_VARIABLE = YES;
				IPHONEOS_DEPLOYMENT_TARGET = 13.2;
				MTL_ENABLE_DEBUG_INFO = NO;
				MTL_FAST_MATH = YES;
				SDKROOT = iphoneos;
				SWIFT_COMPILATION_MODE = wholemodule;
				SWIFT_OPTIMIZATION_LEVEL = "-O";
				VALIDATE_PRODUCT = YES;
			};
			name = Release;
		};
		7AFC92E8249B364100A8B933 /* Debug */ = {
			isa = XCBuildConfiguration;
			buildSettings = {
				ASSETCATALOG_COMPILER_APPICON_NAME = AppIcon;
				CODE_SIGN_STYLE = Automatic;
				DEVELOPMENT_ASSET_PATHS = "\"MVVM/Preview Content\"";
				ENABLE_PREVIEWS = YES;
				INFOPLIST_FILE = MVVM/Info.plist;
				LD_RUNPATH_SEARCH_PATHS = (
					"$(inherited)",
					"@executable_path/Frameworks",
				);
				PRODUCT_BUNDLE_IDENTIFIER = com.YamadaShuya.MVVM;
				PRODUCT_NAME = "$(TARGET_NAME)";
				SWIFT_VERSION = 5.0;
				TARGETED_DEVICE_FAMILY = 1;
			};
			name = Debug;
		};
		7AFC92E9249B364100A8B933 /* Release */ = {
			isa = XCBuildConfiguration;
			buildSettings = {
				ASSETCATALOG_COMPILER_APPICON_NAME = AppIcon;
				CODE_SIGN_STYLE = Automatic;
				DEVELOPMENT_ASSET_PATHS = "\"MVVM/Preview Content\"";
				ENABLE_PREVIEWS = YES;
				INFOPLIST_FILE = MVVM/Info.plist;
				LD_RUNPATH_SEARCH_PATHS = (
					"$(inherited)",
					"@executable_path/Frameworks",
				);
				PRODUCT_BUNDLE_IDENTIFIER = com.YamadaShuya.MVVM;
				PRODUCT_NAME = "$(TARGET_NAME)";
				SWIFT_VERSION = 5.0;
				TARGETED_DEVICE_FAMILY = 1;
			};
			name = Release;
		};
/* End XCBuildConfiguration section */

/* Begin XCConfigurationList section */
		7AFC92CE249B363E00A8B933 /* Build configuration list for PBXProject "MVVM" */ = {
			isa = XCConfigurationList;
			buildConfigurations = (
				7AFC92E5249B364100A8B933 /* Debug */,
				7AFC92E6249B364100A8B933 /* Release */,
			);
			defaultConfigurationIsVisible = 0;
			defaultConfigurationName = Release;
		};
		7AFC92E7249B364100A8B933 /* Build configuration list for PBXNativeTarget "MVVM" */ = {
			isa = XCConfigurationList;
			buildConfigurations = (
				7AFC92E8249B364100A8B933 /* Debug */,
				7AFC92E9249B364100A8B933 /* Release */,
			);
			defaultConfigurationIsVisible = 0;
			defaultConfigurationName = Release;
		};
/* End XCConfigurationList section */

/* Begin XCRemoteSwiftPackageReference section */
		7AFC92EA249B372A00A8B933 /* XCRemoteSwiftPackageReference "SDWebImageSwiftUI" */ = {
			isa = XCRemoteSwiftPackageReference;
			repositoryURL = "https://github.com/SDWebImage/SDWebImageSwiftUI.git";
			requirement = {
				kind = upToNextMajorVersion;
				minimumVersion = 1.5.0;
			};
		};
/* End XCRemoteSwiftPackageReference section */

/* Begin XCSwiftPackageProductDependency section */
		7AFC92EB249B372A00A8B933 /* SDWebImageSwiftUI */ = {
			isa = XCSwiftPackageProductDependency;
			package = 7AFC92EA249B372A00A8B933 /* XCRemoteSwiftPackageReference "SDWebImageSwiftUI" */;
			productName = SDWebImageSwiftUI;
		};
/* End XCSwiftPackageProductDependency section */
	};
	rootObject = 7AFC92CB249B363E00A8B933 /* Project object */;
}
